// !$*UTF8*$!
{
	archiveVersion = 1;
	classes = {
	};
	objectVersion = 50;
	objects = {

/* Begin PBXBuildFile section */
		B4E74637234CD642001B3033 /* AppDelegate.swift in Sources */ = {isa = PBXBuildFile; fileRef = B4E74636234CD642001B3033 /* AppDelegate.swift */; };
		B4E7463C234CD642001B3033 /* Main.storyboard in Resources */ = {isa = PBXBuildFile; fileRef = B4E7463A234CD642001B3033 /* Main.storyboard */; };
		B4E7463E234CD643001B3033 /* Assets.xcassets in Resources */ = {isa = PBXBuildFile; fileRef = B4E7463D234CD643001B3033 /* Assets.xcassets */; };
		B4E74641234CD643001B3033 /* LaunchScreen.storyboard in Resources */ = {isa = PBXBuildFile; fileRef = B4E7463F234CD643001B3033 /* LaunchScreen.storyboard */; };
		B4E74649234D0220001B3033 /* ReadingListController.swift in Sources */ = {isa = PBXBuildFile; fileRef = B4E74648234D0220001B3033 /* ReadingListController.swift */; };
		B4E7464B234D0618001B3033 /* ViewBookController.swift in Sources */ = {isa = PBXBuildFile; fileRef = B4E7464A234D0618001B3033 /* ViewBookController.swift */; };
		B4E7464E234D147B001B3033 /* Edit.storyboard in Resources */ = {isa = PBXBuildFile; fileRef = B4E7464C234D147B001B3033 /* Edit.storyboard */; };
		B4E74657234D1623001B3033 /* ReadingList.plist in Resources */ = {isa = PBXBuildFile; fileRef = B4E7464F234D1623001B3033 /* ReadingList.plist */; };
		B4E74658234D1623001B3033 /* ModelObject.swift in Sources */ = {isa = PBXBuildFile; fileRef = B4E74650234D1623001B3033 /* ModelObject.swift */; };
		B4E7465A234D1623001B3033 /* Book.swift in Sources */ = {isa = PBXBuildFile; fileRef = B4E74652234D1623001B3033 /* Book.swift */; };
		B4E7465B234D1623001B3033 /* ReadingList.swift in Sources */ = {isa = PBXBuildFile; fileRef = B4E74654234D1623001B3033 /* ReadingList.swift */; };
		B4E7465C234D1623001B3033 /* Author.swift in Sources */ = {isa = PBXBuildFile; fileRef = B4E74655234D1623001B3033 /* Author.swift */; };
		B4E7465D234D1623001B3033 /* ReadingListStore.swift in Sources */ = {isa = PBXBuildFile; fileRef = B4E74656234D1623001B3033 /* ReadingListStore.swift */; };
		B4E74660234D311B001B3033 /* DataSource.swift in Sources */ = {isa = PBXBuildFile; fileRef = B4E7465F234D311B001B3033 /* DataSource.swift */; };
		B4E74662234E2EFA001B3033 /* EditBookController.swift in Sources */ = {isa = PBXBuildFile; fileRef = B4E74661234E2EFA001B3033 /* EditBookController.swift */; };
		B4E74664234E3847001B3033 /* Extensions.swift in Sources */ = {isa = PBXBuildFile; fileRef = B4E74663234E3847001B3033 /* Extensions.swift */; };
		B4E74667234E5763001B3033 /* Add.storyboard in Resources */ = {isa = PBXBuildFile; fileRef = B4E74665234E5763001B3033 /* Add.storyboard */; };
		B4E74669234E5F90001B3033 /* AddBookController.swift in Sources */ = {isa = PBXBuildFile; fileRef = B4E74668234E5F90001B3033 /* AddBookController.swift */; };
/* End PBXBuildFile section */

/* Begin PBXFileReference section */
		B4E74633234CD642001B3033 /* ReadingList.app */ = {isa = PBXFileReference; explicitFileType = wrapper.application; includeInIndex = 0; path = ReadingList.app; sourceTree = BUILT_PRODUCTS_DIR; };
		B4E74636234CD642001B3033 /* AppDelegate.swift */ = {isa = PBXFileReference; lastKnownFileType = sourcecode.swift; path = AppDelegate.swift; sourceTree = "<group>"; };
		B4E7463B234CD642001B3033 /* Base */ = {isa = PBXFileReference; lastKnownFileType = file.storyboard; name = Base; path = Base.lproj/Main.storyboard; sourceTree = "<group>"; };
		B4E7463D234CD643001B3033 /* Assets.xcassets */ = {isa = PBXFileReference; lastKnownFileType = folder.assetcatalog; path = Assets.xcassets; sourceTree = "<group>"; };
		B4E74640234CD643001B3033 /* Base */ = {isa = PBXFileReference; lastKnownFileType = file.storyboard; name = Base; path = Base.lproj/LaunchScreen.storyboard; sourceTree = "<group>"; };
		B4E74642234CD643001B3033 /* Info.plist */ = {isa = PBXFileReference; lastKnownFileType = text.plist.xml; path = Info.plist; sourceTree = "<group>"; };
		B4E74648234D0220001B3033 /* ReadingListController.swift */ = {isa = PBXFileReference; lastKnownFileType = sourcecode.swift; path = ReadingListController.swift; sourceTree = "<group>"; };
		B4E7464A234D0618001B3033 /* ViewBookController.swift */ = {isa = PBXFileReference; lastKnownFileType = sourcecode.swift; path = ViewBookController.swift; sourceTree = "<group>"; };
		B4E7464D234D147B001B3033 /* Base */ = {isa = PBXFileReference; lastKnownFileType = file.storyboard; name = Base; path = ReadingList/Base.lproj/Edit.storyboard; sourceTree = "<group>"; };
		B4E7464F234D1623001B3033 /* ReadingList.plist */ = {isa = PBXFileReference; lastKnownFileType = text.plist; path = ReadingList.plist; sourceTree = "<group>"; };
		B4E74650234D1623001B3033 /* ModelObject.swift */ = {isa = PBXFileReference; fileEncoding = 4; lastKnownFileType = sourcecode.swift; path = ModelObject.swift; sourceTree = "<group>"; };
		B4E74652234D1623001B3033 /* Book.swift */ = {isa = PBXFileReference; fileEncoding = 4; lastKnownFileType = sourcecode.swift; path = Book.swift; sourceTree = "<group>"; };
		B4E74654234D1623001B3033 /* ReadingList.swift */ = {isa = PBXFileReference; fileEncoding = 4; lastKnownFileType = sourcecode.swift; path = ReadingList.swift; sourceTree = "<group>"; };
		B4E74655234D1623001B3033 /* Author.swift */ = {isa = PBXFileReference; fileEncoding = 4; lastKnownFileType = sourcecode.swift; path = Author.swift; sourceTree = "<group>"; };
		B4E74656234D1623001B3033 /* ReadingListStore.swift */ = {isa = PBXFileReference; fileEncoding = 4; lastKnownFileType = sourcecode.swift; path = ReadingListStore.swift; sourceTree = "<group>"; };
		B4E7465F234D311B001B3033 /* DataSource.swift */ = {isa = PBXFileReference; lastKnownFileType = sourcecode.swift; path = DataSource.swift; sourceTree = "<group>"; };
		B4E74661234E2EFA001B3033 /* EditBookController.swift */ = {isa = PBXFileReference; lastKnownFileType = sourcecode.swift; path = EditBookController.swift; sourceTree = "<group>"; };
		B4E74663234E3847001B3033 /* Extensions.swift */ = {isa = PBXFileReference; lastKnownFileType = sourcecode.swift; path = Extensions.swift; sourceTree = "<group>"; };
		B4E74666234E5763001B3033 /* Base */ = {isa = PBXFileReference; lastKnownFileType = file.storyboard; name = Base; path = ReadingList/Base.lproj/Add.storyboard; sourceTree = "<group>"; };
		B4E74668234E5F90001B3033 /* AddBookController.swift */ = {isa = PBXFileReference; lastKnownFileType = sourcecode.swift; path = AddBookController.swift; sourceTree = "<group>"; };
/* End PBXFileReference section */

/* Begin PBXFrameworksBuildPhase section */
		B4E74630234CD642001B3033 /* Frameworks */ = {
			isa = PBXFrameworksBuildPhase;
			buildActionMask = 2147483647;
			files = (
			);
			runOnlyForDeploymentPostprocessing = 0;
		};
/* End PBXFrameworksBuildPhase section */

/* Begin PBXGroup section */
		B4E7462A234CD642001B3033 = {
			isa = PBXGroup;
			children = (
				B4E7465E234D1648001B3033 /* ReadingListModel */,
				B4E74635234CD642001B3033 /* ReadingList */,
				B4E74634234CD642001B3033 /* Products */,
			);
			sourceTree = "<group>";
		};
		B4E74634234CD642001B3033 /* Products */ = {
			isa = PBXGroup;
			children = (
				B4E74633234CD642001B3033 /* ReadingList.app */,
			);
			name = Products;
			sourceTree = "<group>";
		};
		B4E74635234CD642001B3033 /* ReadingList */ = {
			isa = PBXGroup;
			children = (
				B4E74636234CD642001B3033 /* AppDelegate.swift */,
				B4E74648234D0220001B3033 /* ReadingListController.swift */,
				B4E7465F234D311B001B3033 /* DataSource.swift */,
				B4E7464A234D0618001B3033 /* ViewBookController.swift */,
				B4E74661234E2EFA001B3033 /* EditBookController.swift */,
				B4E74668234E5F90001B3033 /* AddBookController.swift */,
				B4E74663234E3847001B3033 /* Extensions.swift */,
				B4E7463A234CD642001B3033 /* Main.storyboard */,
				B4E7464C234D147B001B3033 /* Edit.storyboard */,
				B4E74665234E5763001B3033 /* Add.storyboard */,
				B4E7463D234CD643001B3033 /* Assets.xcassets */,
				B4E7463F234CD643001B3033 /* LaunchScreen.storyboard */,
				B4E74642234CD643001B3033 /* Info.plist */,
			);
			path = ReadingList;
			sourceTree = "<group>";
		};
		B4E7465E234D1648001B3033 /* ReadingListModel */ = {
			isa = PBXGroup;
			children = (
				B4E74650234D1623001B3033 /* ModelObject.swift */,
				B4E74654234D1623001B3033 /* ReadingList.swift */,
				B4E74656234D1623001B3033 /* ReadingListStore.swift */,
				B4E74655234D1623001B3033 /* Author.swift */,
				B4E74652234D1623001B3033 /* Book.swift */,
				B4E7464F234D1623001B3033 /* ReadingList.plist */,
			);
			path = ReadingListModel;
			sourceTree = "<group>";
		};
/* End PBXGroup section */

/* Begin PBXNativeTarget section */
		B4E74632234CD642001B3033 /* ReadingList */ = {
			isa = PBXNativeTarget;
			buildConfigurationList = B4E74645234CD643001B3033 /* Build configuration list for PBXNativeTarget "ReadingList" */;
			buildPhases = (
				B4E7462F234CD642001B3033 /* Sources */,
				B4E74630234CD642001B3033 /* Frameworks */,
				B4E74631234CD642001B3033 /* Resources */,
			);
			buildRules = (
			);
			dependencies = (
			);
			name = ReadingList;
			productName = ReadingList;
			productReference = B4E74633234CD642001B3033 /* ReadingList.app */;
			productType = "com.apple.product-type.application";
		};
/* End PBXNativeTarget section */

/* Begin PBXProject section */
		B4E7462B234CD642001B3033 /* Project object */ = {
			isa = PBXProject;
			attributes = {
				LastSwiftUpdateCheck = 1020;
				LastUpgradeCheck = 1020;
				ORGANIZATIONNAME = "About Objects";
				TargetAttributes = {
					B4E74632234CD642001B3033 = {
						CreatedOnToolsVersion = 10.2.1;
					};
				};
			};
			buildConfigurationList = B4E7462E234CD642001B3033 /* Build configuration list for PBXProject "ReadingList" */;
			compatibilityVersion = "Xcode 9.3";
			developmentRegion = en;
			hasScannedForEncodings = 0;
			knownRegions = (
				en,
				Base,
			);
			mainGroup = B4E7462A234CD642001B3033;
			productRefGroup = B4E74634234CD642001B3033 /* Products */;
			projectDirPath = "";
			projectRoot = "";
			targets = (
				B4E74632234CD642001B3033 /* ReadingList */,
			);
		};
/* End PBXProject section */

/* Begin PBXResourcesBuildPhase section */
		B4E74631234CD642001B3033 /* Resources */ = {
			isa = PBXResourcesBuildPhase;
			buildActionMask = 2147483647;
			files = (
				B4E7464E234D147B001B3033 /* Edit.storyboard in Resources */,
				B4E74641234CD643001B3033 /* LaunchScreen.storyboard in Resources */,
				B4E7463E234CD643001B3033 /* Assets.xcassets in Resources */,
				B4E7463C234CD642001B3033 /* Main.storyboard in Resources */,
				B4E74667234E5763001B3033 /* Add.storyboard in Resources */,
				B4E74657234D1623001B3033 /* ReadingList.plist in Resources */,
			);
			runOnlyForDeploymentPostprocessing = 0;
		};
/* End PBXResourcesBuildPhase section */

/* Begin PBXSourcesBuildPhase section */
		B4E7462F234CD642001B3033 /* Sources */ = {
			isa = PBXSourcesBuildPhase;
			buildActionMask = 2147483647;
			files = (
				B4E74662234E2EFA001B3033 /* EditBookController.swift in Sources */,
				B4E74658234D1623001B3033 /* ModelObject.swift in Sources */,
				B4E7464B234D0618001B3033 /* ViewBookController.swift in Sources */,
				B4E7465B234D1623001B3033 /* ReadingList.swift in Sources */,
				B4E74660234D311B001B3033 /* DataSource.swift in Sources */,
				B4E74649234D0220001B3033 /* ReadingListController.swift in Sources */,
				B4E74669234E5F90001B3033 /* AddBookController.swift in Sources */,
				B4E7465D234D1623001B3033 /* ReadingListStore.swift in Sources */,
				B4E7465A234D1623001B3033 /* Book.swift in Sources */,
				B4E7465C234D1623001B3033 /* Author.swift in Sources */,
				B4E74664234E3847001B3033 /* Extensions.swift in Sources */,
				B4E74637234CD642001B3033 /* AppDelegate.swift in Sources */,
			);
			runOnlyForDeploymentPostprocessing = 0;
		};
/* End PBXSourcesBuildPhase section */

/* Begin PBXVariantGroup section */
		B4E7463A234CD642001B3033 /* Main.storyboard */ = {
			isa = PBXVariantGroup;
			children = (
				B4E7463B234CD642001B3033 /* Base */,
			);
			name = Main.storyboard;
			sourceTree = "<group>";
		};
		B4E7463F234CD643001B3033 /* LaunchScreen.storyboard */ = {
			isa = PBXVariantGroup;
			children = (
				B4E74640234CD643001B3033 /* Base */,
			);
			name = LaunchScreen.storyboard;
			sourceTree = "<group>";
		};
		B4E7464C234D147B001B3033 /* Edit.storyboard */ = {
			isa = PBXVariantGroup;
			children = (
				B4E7464D234D147B001B3033 /* Base */,
			);
			name = Edit.storyboard;
			sourceTree = "<group>";
		};
		B4E74665234E5763001B3033 /* Add.storyboard */ = {
			isa = PBXVariantGroup;
			children = (
				B4E74666234E5763001B3033 /* Base */,
			);
			name = Add.storyboard;
			sourceTree = "<group>";
		};
/* End PBXVariantGroup section */

/* Begin XCBuildConfiguration section */
		B4E74643234CD643001B3033 /* Debug */ = {
			isa = XCBuildConfiguration;
			buildSettings = {
				ALWAYS_SEARCH_USER_PATHS = NO;
				CLANG_ANALYZER_NONNULL = YES;
				CLANG_ANALYZER_NUMBER_OBJECT_CONVERSION = YES_AGGRESSIVE;
				CLANG_CXX_LANGUAGE_STANDARD = "gnu++14";
				CLANG_CXX_LIBRARY = "libc++";
				CLANG_ENABLE_MODULES = YES;
				CLANG_ENABLE_OBJC_ARC = YES;
				CLANG_ENABLE_OBJC_WEAK = YES;
				CLANG_WARN_BLOCK_CAPTURE_AUTORELEASING = YES;
				CLANG_WARN_BOOL_CONVERSION = YES;
				CLANG_WARN_COMMA = YES;
				CLANG_WARN_CONSTANT_CONVERSION = YES;
				CLANG_WARN_DEPRECATED_OBJC_IMPLEMENTATIONS = YES;
				CLANG_WARN_DIRECT_OBJC_ISA_USAGE = YES_ERROR;
				CLANG_WARN_DOCUMENTATION_COMMENTS = YES;
				CLANG_WARN_EMPTY_BODY = YES;
				CLANG_WARN_ENUM_CONVERSION = YES;
				CLANG_WARN_INFINITE_RECURSION = YES;
				CLANG_WARN_INT_CONVERSION = YES;
				CLANG_WARN_NON_LITERAL_NULL_CONVERSION = YES;
				CLANG_WARN_OBJC_IMPLICIT_RETAIN_SELF = YES;
				CLANG_WARN_OBJC_LITERAL_CONVERSION = YES;
				CLANG_WARN_OBJC_ROOT_CLASS = YES_ERROR;
				CLANG_WARN_RANGE_LOOP_ANALYSIS = YES;
				CLANG_WARN_STRICT_PROTOTYPES = YES;
				CLANG_WARN_SUSPICIOUS_MOVE = YES;
				CLANG_WARN_UNGUARDED_AVAILABILITY = YES_AGGRESSIVE;
				CLANG_WARN_UNREACHABLE_CODE = YES;
				CLANG_WARN__DUPLICATE_METHOD_MATCH = YES;
				CODE_SIGN_IDENTITY = "iPhone Developer";
				COPY_PHASE_STRIP = NO;
				DEBUG_INFORMATION_FORMAT = dwarf;
				ENABLE_STRICT_OBJC_MSGSEND = YES;
				ENABLE_TESTABILITY = YES;
				GCC_C_LANGUAGE_STANDARD = gnu11;
				GCC_DYNAMIC_NO_PIC = NO;
				GCC_NO_COMMON_BLOCKS = YES;
				GCC_OPTIMIZATION_LEVEL = 0;
				GCC_PREPROCESSOR_DEFINITIONS = (
					"DEBUG=1",
					"$(inherited)",
				);
				GCC_WARN_64_TO_32_BIT_CONVERSION = YES;
				GCC_WARN_ABOUT_RETURN_TYPE = YES_ERROR;
				GCC_WARN_UNDECLARED_SELECTOR = YES;
				GCC_WARN_UNINITIALIZED_AUTOS = YES_AGGRESSIVE;
				GCC_WARN_UNUSED_FUNCTION = YES;
				GCC_WARN_UNUSED_VARIABLE = YES;
				IPHONEOS_DEPLOYMENT_TARGET = 12.2;
				MTL_ENABLE_DEBUG_INFO = INCLUDE_SOURCE;
				MTL_FAST_MATH = YES;
				ONLY_ACTIVE_ARCH = YES;
				SDKROOT = iphoneos;
				SWIFT_ACTIVE_COMPILATION_CONDITIONS = DEBUG;
				SWIFT_OPTIMIZATION_LEVEL = "-Onone";
			};
			name = Debug;
		};
		B4E74644234CD643001B3033 /* Release */ = {
			isa = XCBuildConfiguration;
			buildSettings = {
				ALWAYS_SEARCH_USER_PATHS = NO;
				CLANG_ANALYZER_NONNULL = YES;
				CLANG_ANALYZER_NUMBER_OBJECT_CONVERSION = YES_AGGRESSIVE;
				CLANG_CXX_LANGUAGE_STANDARD = "gnu++14";
				CLANG_CXX_LIBRARY = "libc++";
				CLANG_ENABLE_MODULES = YES;
				CLANG_ENABLE_OBJC_ARC = YES;
				CLANG_ENABLE_OBJC_WEAK = YES;
				CLANG_WARN_BLOCK_CAPTURE_AUTORELEASING = YES;
				CLANG_WARN_BOOL_CONVERSION = YES;
				CLANG_WARN_COMMA = YES;
				CLANG_WARN_CONSTANT_CONVERSION = YES;
				CLANG_WARN_DEPRECATED_OBJC_IMPLEMENTATIONS = YES;
				CLANG_WARN_DIRECT_OBJC_ISA_USAGE = YES_ERROR;
				CLANG_WARN_DOCUMENTATION_COMMENTS = YES;
				CLANG_WARN_EMPTY_BODY = YES;
				CLANG_WARN_ENUM_CONVERSION = YES;
				CLANG_WARN_INFINITE_RECURSION = YES;
				CLANG_WARN_INT_CONVERSION = YES;
				CLANG_WARN_NON_LITERAL_NULL_CONVERSION = YES;
				CLANG_WARN_OBJC_IMPLICIT_RETAIN_SELF = YES;
				CLANG_WARN_OBJC_LITERAL_CONVERSION = YES;
				CLANG_WARN_OBJC_ROOT_CLASS = YES_ERROR;
				CLANG_WARN_RANGE_LOOP_ANALYSIS = YES;
				CLANG_WARN_STRICT_PROTOTYPES = YES;
				CLANG_WARN_SUSPICIOUS_MOVE = YES;
				CLANG_WARN_UNGUARDED_AVAILABILITY = YES_AGGRESSIVE;
				CLANG_WARN_UNREACHABLE_CODE = YES;
				CLANG_WARN__DUPLICATE_METHOD_MATCH = YES;
				CODE_SIGN_IDENTITY = "iPhone Developer";
				COPY_PHASE_STRIP = NO;
				DEBUG_INFORMATION_FORMAT = "dwarf-with-dsym";
				ENABLE_NS_ASSERTIONS = NO;
				ENABLE_STRICT_OBJC_MSGSEND = YES;
				GCC_C_LANGUAGE_STANDARD = gnu11;
				GCC_NO_COMMON_BLOCKS = YES;
				GCC_WARN_64_TO_32_BIT_CONVERSION = YES;
				GCC_WARN_ABOUT_RETURN_TYPE = YES_ERROR;
				GCC_WARN_UNDECLARED_SELECTOR = YES;
				GCC_WARN_UNINITIALIZED_AUTOS = YES_AGGRESSIVE;
				GCC_WARN_UNUSED_FUNCTION = YES;
				GCC_WARN_UNUSED_VARIABLE = YES;
				IPHONEOS_DEPLOYMENT_TARGET = 12.2;
				MTL_ENABLE_DEBUG_INFO = NO;
				MTL_FAST_MATH = YES;
				SDKROOT = iphoneos;
				SWIFT_COMPILATION_MODE = wholemodule;
				SWIFT_OPTIMIZATION_LEVEL = "-O";
				VALIDATE_PRODUCT = YES;
			};
			name = Release;
		};
		B4E74646234CD643001B3033 /* Debug */ = {
			isa = XCBuildConfiguration;
			buildSettings = {
				ASSETCATALOG_COMPILER_APPICON_NAME = AppIcon;
				CODE_SIGN_STYLE = Automatic;
				INFOPLIST_FILE = ReadingList/Info.plist;
				LD_RUNPATH_SEARCH_PATHS = (
					"$(inherited)",
					"@executable_path/Frameworks",
				);
				PRODUCT_BUNDLE_IDENTIFIER = com.aboutobjects.ReadingList;
				PRODUCT_NAME = "$(TARGET_NAME)";
				SWIFT_VERSION = 5.0;
				TARGETED_DEVICE_FAMILY = "1,2";
			};
			name = Debug;
		};
		B4E74647234CD643001B3033 /* Release */ = {
			isa = XCBuildConfiguration;
			buildSettings = {
				ASSETCATALOG_COMPILER_APPICON_NAME = AppIcon;
				CODE_SIGN_STYLE = Automatic;
				INFOPLIST_FILE = ReadingList/Info.plist;
				LD_RUNPATH_SEARCH_PATHS = (
					"$(inherited)",
					"@executable_path/Frameworks",
				);
				PRODUCT_BUNDLE_IDENTIFIER = com.aboutobjects.ReadingList;
				PRODUCT_NAME = "$(TARGET_NAME)";
				SWIFT_VERSION = 5.0;
				TARGETED_DEVICE_FAMILY = "1,2";
			};
			name = Release;
		};
/* End XCBuildConfiguration section */

/* Begin XCConfigurationList section */
		B4E7462E234CD642001B3033 /* Build configuration list for PBXProject "ReadingList" */ = {
			isa = XCConfigurationList;
			buildConfigurations = (
				B4E74643234CD643001B3033 /* Debug */,
				B4E74644234CD643001B3033 /* Release */,
			);
			defaultConfigurationIsVisible = 0;
			defaultConfigurationName = Release;
		};
		B4E74645234CD643001B3033 /* Build configuration list for PBXNativeTarget "ReadingList" */ = {
			isa = XCConfigurationList;
			buildConfigurations = (
				B4E74646234CD643001B3033 /* Debug */,
				B4E74647234CD643001B3033 /* Release */,
			);
			defaultConfigurationIsVisible = 0;
			defaultConfigurationName = Release;
		};
/* End XCConfigurationList section */
	};
	rootObject = B4E7462B234CD642001B3033 /* Project object */;
}
